schema: '2.0'
stages:
  load_data:
    cmd: python src/load_data.py
    deps:
    - path: src/load_data.py
      md5: db94f13dab25164fb992831442e357e7
      size: 228
    outs:
    - path: output/data.pkl
      md5: 35353c71da0985eed8bb507bbc53bd91
      size: 54950285
  train:
    cmd: python src/train.py
    deps:
    - path: output/data.pkl
      md5: 35353c71da0985eed8bb507bbc53bd91
      size: 54950285
    - path: src/train.py
      md5: 1bf63e1f6131a5c0415ad2060c05e9e8
      size: 2324
    params:
      params.yaml:
        train.batch_size: 128
        train.dropout: 0.45
        train.hidden_units: 128
        train.lr: 0.001
        train.num_epochs: 12
    outs:
    - path: output/model.h5
      md5: 893c990944a504dc1c9f5ad8c888c682
      size: 7324056
    - path: output/train_logs.csv
      md5: d68a0db1c2fd198cd52591da28d95549
      size: 505
  evaluate:
    cmd: python src/evaluate.py
    deps:
    - path: output/data.pkl
      md5: 35353c71da0985eed8bb507bbc53bd91
      size: 54950285
    - path: output/model.h5
      md5: 893c990944a504dc1c9f5ad8c888c682
      size: 7324056
    - path: src/evaluate.py
      md5: 56af2219bbc7599971432616d8afdf13
      size: 1161
    outs:
    - path: output/metrics.json
      md5: 6219e79e8ecd29d633bc2835a92b1ac6
      size: 60
    - path: output/predictions.json
      md5: 287e66cd2f14eb4dab5195baf26a4dca
      size: 310000
