schema: '2.0'
stages:
  load_data:
    cmd: python src/load_data.py
    deps:
    - path: src/load_data.py
      md5: db94f13dab25164fb992831442e357e7
      size: 228
    outs:
    - path: output/data.pkl
      md5: 35353c71da0985eed8bb507bbc53bd91
      size: 54950285
  train:
    cmd: python src/train.py
    deps:
    - path: output/data.pkl
      md5: 35353c71da0985eed8bb507bbc53bd91
      size: 54950285
    - path: src/train.py
      md5: 1bf63e1f6131a5c0415ad2060c05e9e8
      size: 2324
    params:
      params.yaml:
        train.batch_size: 128
        train.dropout: 0.45
        train.hidden_units: 128
        train.lr: 0.001
        train.num_epochs: 1
    outs:
    - path: output/model.h5
      md5: 139c432f7a539b1fbd4b1b5c5285bd57
      size: 7324056
    - path: output/train_logs.csv
      md5: e4e4db7b4444eb360d992a856f490a3d
      size: 60
  evaluate:
    cmd: python src/evaluate.py
    deps:
    - path: output/data.pkl
      md5: 35353c71da0985eed8bb507bbc53bd91
      size: 54950285
    - path: output/model.h5
      md5: 139c432f7a539b1fbd4b1b5c5285bd57
      size: 7324056
    - path: src/evaluate.py
      md5: 56af2219bbc7599971432616d8afdf13
      size: 1161
    outs:
    - path: output/metrics.json
      md5: c72a714b61de39676edc468d717a5d6f
      size: 60
    - path: output/predictions.json
      md5: 751022ecd5073825ef1c9c82ef880db5
      size: 310000
