schema: '2.0'
stages:
  load_data:
    cmd: python src/load_data.py
    deps:
    - path: src/load_data.py
      md5: db94f13dab25164fb992831442e357e7
      size: 228
    outs:
    - path: output/data.pkl
      md5: 35353c71da0985eed8bb507bbc53bd91
      size: 54950285
  train:
    cmd: python src/train.py
    deps:
    - path: output/data.pkl
      md5: 35353c71da0985eed8bb507bbc53bd91
      size: 54950285
    - path: src/train.py
      md5: 1bf63e1f6131a5c0415ad2060c05e9e8
      size: 2324
    params:
      params.yaml:
        train.batch_size: 128
        train.dropout: 0.45
        train.hidden_units: 64
        train.lr: 0.001
        train.num_epochs: 10
    outs:
    - path: output/model.h5
      md5: 8c8cf2b274e7ca59e99d9a28b640ca36
      size: 3680480
    - path: output/train_logs.csv
      md5: 73d5bb4bc1e1b436637302373624981c
      size: 424
  evaluate:
    cmd: python src/evaluate.py
    deps:
    - path: output/data.pkl
      md5: 35353c71da0985eed8bb507bbc53bd91
      size: 54950285
    - path: output/model.h5
      md5: 8c8cf2b274e7ca59e99d9a28b640ca36
      size: 3680480
    - path: src/evaluate.py
      md5: 56af2219bbc7599971432616d8afdf13
      size: 1161
    outs:
    - path: output/metrics.json
      md5: 3f4dae63b385bdb03b25a483249fa607
      size: 60
    - path: output/predictions.json
      md5: 5e1696b5987b00b26174734e3c7e73c1
      size: 310000
